// !$*UTF8*$!
{
	archiveVersion = 1;
	classes = {
	};
	objectVersion = 46;
	objects = {

/* Begin PBXBuildFile section */
		E1856C8C15DD34F900376038 /* UIKit.framework in Frameworks */ = {isa = PBXBuildFile; fileRef = E1856C8B15DD34F900376038 /* UIKit.framework */; };
		E1856C8E15DD34F900376038 /* Foundation.framework in Frameworks */ = {isa = PBXBuildFile; fileRef = E1856C8D15DD34F900376038 /* Foundation.framework */; };
		E1856C9015DD34F900376038 /* CoreGraphics.framework in Frameworks */ = {isa = PBXBuildFile; fileRef = E1856C8F15DD34F900376038 /* CoreGraphics.framework */; };
		E1856C9615DD34F900376038 /* InfoPlist.strings in Resources */ = {isa = PBXBuildFile; fileRef = E1856C9415DD34F900376038 /* InfoPlist.strings */; };
		E1856C9815DD34F900376038 /* main.m in Sources */ = {isa = PBXBuildFile; fileRef = E1856C9715DD34F900376038 /* main.m */; };
		E1856C9C15DD34F900376038 /* AppDelegate.m in Sources */ = {isa = PBXBuildFile; fileRef = E1856C9B15DD34F900376038 /* AppDelegate.m */; };
		E1856C9F15DD34F900376038 /* ViewController.m in Sources */ = {isa = PBXBuildFile; fileRef = E1856C9E15DD34F900376038 /* ViewController.m */; };
		E1856CA215DD34F900376038 /* ViewController.xib in Resources */ = {isa = PBXBuildFile; fileRef = E1856CA015DD34F900376038 /* ViewController.xib */; };
		E18D368615E3554000B35BA7 /* circular_button.png in Resources */ = {isa = PBXBuildFile; fileRef = E18D368515E3554000B35BA7 /* circular_button.png */; };
		E18D368F15E38CE000B35BA7 /* searchresult.m in Sources */ = {isa = PBXBuildFile; fileRef = E18D368D15E38CE000B35BA7 /* searchresult.m */; };
		E18D369015E38CE000B35BA7 /* searchresult.xib in Resources */ = {isa = PBXBuildFile; fileRef = E18D368E15E38CE000B35BA7 /* searchresult.xib */; };
		E18D369215E3957C00B35BA7 /* broad_button.png in Resources */ = {isa = PBXBuildFile; fileRef = E18D369115E3957C00B35BA7 /* broad_button.png */; };
		F45B1EAC1A97DEC200E9806D /* Default-568h@2x.png in Resources */ = {isa = PBXBuildFile; fileRef = F45B1EAB1A97DEC200E9806D /* Default-568h@2x.png */; };
/* End PBXBuildFile section */

/* Begin PBXFileReference section */
		E1856C8715DD34F900376038 /* GroceryApp.app */ = {isa = PBXFileReference; explicitFileType = wrapper.application; includeInIndex = 0; path = GroceryApp.app; sourceTree = BUILT_PRODUCTS_DIR; };
		E1856C8B15DD34F900376038 /* UIKit.framework */ = {isa = PBXFileReference; lastKnownFileType = wrapper.framework; name = UIKit.framework; path = System/Library/Frameworks/UIKit.framework; sourceTree = SDKROOT; };
		E1856C8D15DD34F900376038 /* Foundation.framework */ = {isa = PBXFileReference; lastKnownFileType = wrapper.framework; name = Foundation.framework; path = System/Library/Frameworks/Foundation.framework; sourceTree = SDKROOT; };
		E1856C8F15DD34F900376038 /* CoreGraphics.framework */ = {isa = PBXFileReference; lastKnownFileType = wrapper.framework; name = CoreGraphics.framework; path = System/Library/Frameworks/CoreGraphics.framework; sourceTree = SDKROOT; };
		E1856C9315DD34F900376038 /* GroceryApp-Info.plist */ = {isa = PBXFileReference; lastKnownFileType = text.plist.xml; path = "GroceryApp-Info.plist"; sourceTree = "<group>"; };
		E1856C9515DD34F900376038 /* en */ = {isa = PBXFileReference; lastKnownFileType = text.plist.strings; name = en; path = en.lproj/InfoPlist.strings; sourceTree = "<group>"; };
		E1856C9715DD34F900376038 /* main.m */ = {isa = PBXFileReference; lastKnownFileType = sourcecode.c.objc; path = main.m; sourceTree = "<group>"; };
		E1856C9915DD34F900376038 /* GroceryApp-Prefix.pch */ = {isa = PBXFileReference; lastKnownFileType = sourcecode.c.h; path = "GroceryApp-Prefix.pch"; sourceTree = "<group>"; };
		E1856C9A15DD34F900376038 /* AppDelegate.h */ = {isa = PBXFileReference; lastKnownFileType = sourcecode.c.h; path = AppDelegate.h; sourceTree = "<group>"; };
		E1856C9B15DD34F900376038 /* AppDelegate.m */ = {isa = PBXFileReference; lastKnownFileType = sourcecode.c.objc; path = AppDelegate.m; sourceTree = "<group>"; };
		E1856C9D15DD34F900376038 /* ViewController.h */ = {isa = PBXFileReference; lastKnownFileType = sourcecode.c.h; path = ViewController.h; sourceTree = "<group>"; };
		E1856C9E15DD34F900376038 /* ViewController.m */ = {isa = PBXFileReference; lastKnownFileType = sourcecode.c.objc; path = ViewController.m; sourceTree = "<group>"; };
		E1856CA115DD34F900376038 /* en */ = {isa = PBXFileReference; lastKnownFileType = file.xib; name = en; path = en.lproj/ViewController.xib; sourceTree = "<group>"; };
		E18D368515E3554000B35BA7 /* circular_button.png */ = {isa = PBXFileReference; lastKnownFileType = image.png; path = circular_button.png; sourceTree = "<group>"; };
		E18D368C15E38CE000B35BA7 /* searchresult.h */ = {isa = PBXFileReference; fileEncoding = 4; lastKnownFileType = sourcecode.c.h; path = searchresult.h; sourceTree = "<group>"; };
		E18D368D15E38CE000B35BA7 /* searchresult.m */ = {isa = PBXFileReference; fileEncoding = 4; lastKnownFileType = sourcecode.c.objc; path = searchresult.m; sourceTree = "<group>"; };
		E18D368E15E38CE000B35BA7 /* searchresult.xib */ = {isa = PBXFileReference; fileEncoding = 4; lastKnownFileType = file.xib; path = searchresult.xib; sourceTree = "<group>"; };
		E18D369115E3957C00B35BA7 /* broad_button.png */ = {isa = PBXFileReference; lastKnownFileType = image.png; path = broad_button.png; sourceTree = "<group>"; };
		F45B1EAB1A97DEC200E9806D /* Default-568h@2x.png */ = {isa = PBXFileReference; lastKnownFileType = image.png; path = "Default-568h@2x.png"; sourceTree = "<group>"; };
/* End PBXFileReference section */

/* Begin PBXFrameworksBuildPhase section */
		E1856C8415DD34F900376038 /* Frameworks */ = {
			isa = PBXFrameworksBuildPhase;
			buildActionMask = 2147483647;
			files = (
				E1856C8C15DD34F900376038 /* UIKit.framework in Frameworks */,
				E1856C8E15DD34F900376038 /* Foundation.framework in Frameworks */,
				E1856C9015DD34F900376038 /* CoreGraphics.framework in Frameworks */,
			);
			runOnlyForDeploymentPostprocessing = 0;
		};
/* End PBXFrameworksBuildPhase section */

/* Begin PBXGroup section */
		E1856C7C15DD34F900376038 = {
			isa = PBXGroup;
			children = (
				F45B1EAB1A97DEC200E9806D /* Default-568h@2x.png */,
				E1856C9115DD34F900376038 /* GroceryApp */,
				E1856C8A15DD34F900376038 /* Frameworks */,
				E1856C8815DD34F900376038 /* Products */,
			);
			sourceTree = "<group>";
		};
		E1856C8815DD34F900376038 /* Products */ = {
			isa = PBXGroup;
			children = (
				E1856C8715DD34F900376038 /* GroceryApp.app */,
			);
			name = Products;
			sourceTree = "<group>";
		};
		E1856C8A15DD34F900376038 /* Frameworks */ = {
			isa = PBXGroup;
			children = (
				E1856C8B15DD34F900376038 /* UIKit.framework */,
				E1856C8D15DD34F900376038 /* Foundation.framework */,
				E1856C8F15DD34F900376038 /* CoreGraphics.framework */,
			);
			name = Frameworks;
			sourceTree = "<group>";
		};
		E1856C9115DD34F900376038 /* GroceryApp */ = {
			isa = PBXGroup;
			children = (
				E1856C9A15DD34F900376038 /* AppDelegate.h */,
				E1856C9B15DD34F900376038 /* AppDelegate.m */,
				E1856C9D15DD34F900376038 /* ViewController.h */,
				E1856C9E15DD34F900376038 /* ViewController.m */,
				E1856CA015DD34F900376038 /* ViewController.xib */,
				E18D368C15E38CE000B35BA7 /* searchresult.h */,
				E18D368D15E38CE000B35BA7 /* searchresult.m */,
				E18D368E15E38CE000B35BA7 /* searchresult.xib */,
				E1856C9215DD34F900376038 /* Supporting Files */,
			);
			path = GroceryApp;
			sourceTree = "<group>";
		};
		E1856C9215DD34F900376038 /* Supporting Files */ = {
			isa = PBXGroup;
			children = (
				E18D368415E3552C00B35BA7 /* Images */,
				E1856C9315DD34F900376038 /* GroceryApp-Info.plist */,
				E1856C9415DD34F900376038 /* InfoPlist.strings */,
				E1856C9715DD34F900376038 /* main.m */,
				E1856C9915DD34F900376038 /* GroceryApp-Prefix.pch */,
			);
			name = "Supporting Files";
			sourceTree = "<group>";
		};
		E18D368415E3552C00B35BA7 /* Images */ = {
			isa = PBXGroup;
			children = (
				E18D369115E3957C00B35BA7 /* broad_button.png */,
				E18D368515E3554000B35BA7 /* circular_button.png */,
			);
			name = Images;
			sourceTree = "<group>";
		};
/* End PBXGroup section */

/* Begin PBXNativeTarget section */
		E1856C8615DD34F900376038 /* GroceryApp */ = {
			isa = PBXNativeTarget;
			buildConfigurationList = E1856CA515DD34F900376038 /* Build configuration list for PBXNativeTarget "GroceryApp" */;
			buildPhases = (
				E1856C8315DD34F900376038 /* Sources */,
				E1856C8415DD34F900376038 /* Frameworks */,
				E1856C8515DD34F900376038 /* Resources */,
			);
			buildRules = (
			);
			dependencies = (
			);
			name = GroceryApp;
			productName = GroceryApp;
			productReference = E1856C8715DD34F900376038 /* GroceryApp.app */;
			productType = "com.apple.product-type.application";
		};
/* End PBXNativeTarget section */

/* Begin PBXProject section */
		E1856C7E15DD34F900376038 /* Project object */ = {
			isa = PBXProject;
			attributes = {
				LastUpgradeCheck = 0610;
				ORGANIZATIONNAME = "divi12.prabha@gmail.com";
				TargetAttributes = {
					E1856C8615DD34F900376038 = {
						DevelopmentTeam = HFGE29J7VR;
					};
				};
			};
			buildConfigurationList = E1856C8115DD34F900376038 /* Build configuration list for PBXProject "GroceryApp" */;
			compatibilityVersion = "Xcode 3.2";
			developmentRegion = English;
			hasScannedForEncodings = 0;
			knownRegions = (
				en,
			);
			mainGroup = E1856C7C15DD34F900376038;
			productRefGroup = E1856C8815DD34F900376038 /* Products */;
			projectDirPath = "";
			projectRoot = "";
			targets = (
				E1856C8615DD34F900376038 /* GroceryApp */,
			);
		};
/* End PBXProject section */

/* Begin PBXResourcesBuildPhase section */
		E1856C8515DD34F900376038 /* Resources */ = {
			isa = PBXResourcesBuildPhase;
			buildActionMask = 2147483647;
			files = (
				E1856C9615DD34F900376038 /* InfoPlist.strings in Resources */,
				E1856CA215DD34F900376038 /* ViewController.xib in Resources */,
				E18D368615E3554000B35BA7 /* circular_button.png in Resources */,
				E18D369015E38CE000B35BA7 /* searchresult.xib in Resources */,
				E18D369215E3957C00B35BA7 /* broad_button.png in Resources */,
				F45B1EAC1A97DEC200E9806D /* Default-568h@2x.png in Resources */,
			);
			runOnlyForDeploymentPostprocessing = 0;
		};
/* End PBXResourcesBuildPhase section */

/* Begin PBXSourcesBuildPhase section */
		E1856C8315DD34F900376038 /* Sources */ = {
			isa = PBXSourcesBuildPhase;
			buildActionMask = 2147483647;
			files = (
				E1856C9815DD34F900376038 /* main.m in Sources */,
				E1856C9C15DD34F900376038 /* AppDelegate.m in Sources */,
				E1856C9F15DD34F900376038 /* ViewController.m in Sources */,
				E18D368F15E38CE000B35BA7 /* searchresult.m in Sources */,
			);
			runOnlyForDeploymentPostprocessing = 0;
		};
/* End PBXSourcesBuildPhase section */

/* Begin PBXVariantGroup section */
		E1856C9415DD34F900376038 /* InfoPlist.strings */ = {
			isa = PBXVariantGroup;
			children = (
				E1856C9515DD34F900376038 /* en */,
			);
			name = InfoPlist.strings;
			sourceTree = "<group>";
		};
		E1856CA015DD34F900376038 /* ViewController.xib */ = {
			isa = PBXVariantGroup;
			children = (
				E1856CA115DD34F900376038 /* en */,
			);
			name = ViewController.xib;
			sourceTree = "<group>";
		};
/* End PBXVariantGroup section */

/* Begin XCBuildConfiguration section */
		E1856CA315DD34F900376038 /* Debug */ = {
			isa = XCBuildConfiguration;
			buildSettings = {
				ALWAYS_SEARCH_USER_PATHS = NO;
				CLANG_WARN_BOOL_CONVERSION = YES;
				CLANG_WARN_CONSTANT_CONVERSION = YES;
				CLANG_WARN_EMPTY_BODY = YES;
				CLANG_WARN_ENUM_CONVERSION = YES;
				CLANG_WARN_INT_CONVERSION = YES;
				CLANG_WARN_UNREACHABLE_CODE = YES;
				CLANG_WARN__DUPLICATE_METHOD_MATCH = YES;
				CODE_SIGN_IDENTITY = "iPhone Developer: Michael Saunders (5R8WFN2368)";
				"CODE_SIGN_IDENTITY[sdk=iphoneos*]" = "iPhone Developer: Michael Saunders (5R8WFN2368)";
				COPY_PHASE_STRIP = NO;
				ENABLE_STRICT_OBJC_MSGSEND = YES;
				GCC_C_LANGUAGE_STANDARD = gnu99;
				GCC_DYNAMIC_NO_PIC = NO;
				GCC_OPTIMIZATION_LEVEL = 0;
				GCC_PREPROCESSOR_DEFINITIONS = (
					"DEBUG=1",
					"$(inherited)",
				);
				GCC_SYMBOLS_PRIVATE_EXTERN = NO;
				GCC_VERSION = com.apple.compilers.llvm.clang.1_0;
				GCC_WARN_64_TO_32_BIT_CONVERSION = YES;
				GCC_WARN_ABOUT_RETURN_TYPE = YES;
				GCC_WARN_UNDECLARED_SELECTOR = YES;
				GCC_WARN_UNINITIALIZED_AUTOS = YES;
				GCC_WARN_UNUSED_FUNCTION = YES;
				GCC_WARN_UNUSED_VARIABLE = YES;
				IPHONEOS_DEPLOYMENT_TARGET = 5.1;
				ONLY_ACTIVE_ARCH = YES;
				PROVISIONING_PROFILE = "4674D693-5B5E-45DC-B948-77D88AC14432";
				"PROVISIONING_PROFILE[sdk=iphoneos*]" = "4674D693-5B5E-45DC-B948-77D88AC14432";
				SDKROOT = iphoneos;
			};
			name = Debug;
		};
		E1856CA415DD34F900376038 /* Release */ = {
			isa = XCBuildConfiguration;
			buildSettings = {
				ALWAYS_SEARCH_USER_PATHS = NO;
				CLANG_WARN_BOOL_CONVERSION = YES;
				CLANG_WARN_CONSTANT_CONVERSION = YES;
				CLANG_WARN_EMPTY_BODY = YES;
				CLANG_WARN_ENUM_CONVERSION = YES;
				CLANG_WARN_INT_CONVERSION = YES;
				CLANG_WARN_UNREACHABLE_CODE = YES;
				CLANG_WARN__DUPLICATE_METHOD_MATCH = YES;
				CODE_SIGN_IDENTITY = "iPhone Distribution: Michael Saunders";
				"CODE_SIGN_IDENTITY[sdk=iphoneos*]" = "iPhone Distribution: Michael Saunders";
				COPY_PHASE_STRIP = YES;
				ENABLE_STRICT_OBJC_MSGSEND = YES;
				GCC_C_LANGUAGE_STANDARD = gnu99;
				GCC_VERSION = com.apple.compilers.llvm.clang.1_0;
				GCC_WARN_64_TO_32_BIT_CONVERSION = YES;
				GCC_WARN_ABOUT_RETURN_TYPE = YES;
				GCC_WARN_UNDECLARED_SELECTOR = YES;
				GCC_WARN_UNINITIALIZED_AUTOS = YES;
				GCC_WARN_UNUSED_FUNCTION = YES;
				GCC_WARN_UNUSED_VARIABLE = YES;
				IPHONEOS_DEPLOYMENT_TARGET = 5.1;
				OTHER_CFLAGS = "-DNS_BLOCK_ASSERTIONS=1";
				PROVISIONING_PROFILE = "3782558A-FFD3-4E80-974D-ECD0F625769D";
				"PROVISIONING_PROFILE[sdk=iphoneos*]" = "3782558A-FFD3-4E80-974D-ECD0F625769D";
				SDKROOT = iphoneos;
				VALIDATE_PRODUCT = YES;
			};
			name = Release;
		};
		E1856CA615DD34F900376038 /* Debug */ = {
			isa = XCBuildConfiguration;
			buildSettings = {
				CODE_SIGN_IDENTITY = "iPhone Developer";
				"CODE_SIGN_IDENTITY[sdk=iphoneos*]" = "iPhone Developer";
				GCC_PRECOMPILE_PREFIX_HEADER = YES;
				GCC_PREFIX_HEADER = "GroceryApp/GroceryApp-Prefix.pch";
				INFOPLIST_FILE = "GroceryApp/GroceryApp-Info.plist";
				IPHONEOS_DEPLOYMENT_TARGET = 4.3;
				PRODUCT_NAME = "$(TARGET_NAME)";
				PROVISIONING_PROFILE = "";
				"PROVISIONING_PROFILE[sdk=iphoneos*]" = "4674D693-5B5E-45DC-B948-77D88AC14432";
				WRAPPER_EXTENSION = app;
			};
			name = Debug;
		};
		E1856CA715DD34F900376038 /* Release */ = {
			isa = XCBuildConfiguration;
			buildSettings = {
				CODE_SIGN_IDENTITY = "iPhone Developer";
				"CODE_SIGN_IDENTITY[sdk=iphoneos*]" = "iPhone Developer";
				GCC_PRECOMPILE_PREFIX_HEADER = YES;
				GCC_PREFIX_HEADER = "GroceryApp/GroceryApp-Prefix.pch";
				INFOPLIST_FILE = "GroceryApp/GroceryApp-Info.plist";
				IPHONEOS_DEPLOYMENT_TARGET = 4.3;
				PRODUCT_NAME = "$(TARGET_NAME)";
				PROVISIONING_PROFILE = "";
				WRAPPER_EXTENSION = app;
			};
			name = Release;
		};
/* End XCBuildConfiguration section */

/* Begin XCConfigurationList section */
		E1856C8115DD34F900376038 /* Build configuration list for PBXProject "GroceryApp" */ = {
			isa = XCConfigurationList;
			buildConfigurations = (
				E1856CA315DD34F900376038 /* Debug */,
				E1856CA415DD34F900376038 /* Release */,
			);
			defaultConfigurationIsVisible = 0;
			defaultConfigurationName = Release;
		};
		E1856CA515DD34F900376038 /* Build configuration list for PBXNativeTarget "GroceryApp" */ = {
			isa = XCConfigurationList;
			buildConfigurations = (
				E1856CA615DD34F900376038 /* Debug */,
				E1856CA715DD34F900376038 /* Release */,
			);
			defaultConfigurationIsVisible = 0;
			defaultConfigurationName = Release;
		};
/* End XCConfigurationList section */
	};
	rootObject = E1856C7E15DD34F900376038 /* Project object */;
}
